{
    "_meta": {
        "hash": {
            "sha256": "54c9534c7c54ace12e5c9f5b0c1b34a641ecca9b5e7a55792f1745a74cb094ff"
        },
        "pipfile-spec": 6,
        "requires": {
            "python_version": "3.6"
        },
        "sources": [
            {
                "name": "pypi",
                "url": "https://pypi.org/simple",
                "verify_ssl": true
            }
        ]
    },
    "default": {
        "canvas-python-sdk==1-2-0": {
            "git": "https://github.com/penzance/canvas_python_sdk",
            "ref": "c91bbd81b65a3e6a462a1ac93dbf378d578293a6"
        },
        "canvas-python-sdk==1.2.0": {
            "git": "https://github.com/penzance/canvas_python_sdk",
            "ref": "v1.2.0"
        },
        "certifi": {
            "hashes": [
                "sha256:5930595817496dd21bb8dc35dad090f1c2cd0adfaf21204bf6732ca5d8ee34d3",
                "sha256:8fc0819f1f30ba15bdb34cceffb9ef04d99f420f68eb75d901e9560b8749fc41"
            ],
            "version": "==2020.6.20"
        },
        "chardet": {
            "hashes": [
                "sha256:84ab92ed1c4d4f16916e05906b6b75a6c0fb5db821cc65e70cbd64a3e2a5eaae",
                "sha256:fc323ffcaeaed0e0a02bf4d117757b98aed530d9ed4531e3e15460124c106691"
            ],
            "version": "==3.0.4"
        },
        "django": {
            "hashes": [
                "sha256:62cf45e5ee425c52e411c0742e641a6588b7e8af0d2c274a27940931b2786594",
                "sha256:83ced795a0f239f41d8ecabf51cc5fad4b97462a6008dc12e5af3cb9288724ec"
            ],
            "index": "pypi",
            "version": "==2.2.16"
        },
        "django-lti-provider": {
            "hashes": [
                "sha256:5ae54e75b144b29281eb6039e0063ce8c9c675da1cb666bc1d57c51b89fdbe2a",
                "sha256:ac247b9f29b0e948bdd028681114ab6382da97ad73c2188081bc8801b91ed63b"
            ],
            "index": "pypi",
            "version": "==0.4.0"
        },
        "django-redis-cache": {
            "hashes": [
                "sha256:06d4e48545243883f88dc9263dda6c8a0012cb7d0cee2d8758d8917eca92cece",
                "sha256:b19ee6654cc2f2c89078c99255e07e19dc2dba8792351d76ba7ea899d465fbb0"
            ],
            "index": "pypi",
            "version": "==2.1.1"
        },
        "httplib2": {
            "hashes": [
                "sha256:8af66c1c52c7ffe1aa5dc4bcd7c769885254b0756e6e69f953c7f0ab49a70ba3",
                "sha256:ca2914b015b6247791c4866782fa6042f495b94401a0f0bd3e1d6e0ba2236782"
            ],
            "version": "==0.18.1"
        },
        "idna": {
            "hashes": [
                "sha256:b307872f855b18632ce0c21c5e45be78c0ea7ae4c15c828c20788b26921eb3f6",
                "sha256:b97d804b1e9b523befed77c48dacec60e6dcb0b5391d57af6a65a312a90648c0"
            ],
            "markers": "python_version >= '2.7' and python_version not in '3.0, 3.1, 3.2, 3.3'",
            "version": "==2.10"
        },
        "lti": {
            "hashes": [
                "sha256:aafdfcd35e094d6606cce19c4fe7c34cf7dcc801fdfa61c5e874ef57c00160d5",
                "sha256:f1ddd59d1beacf06ba67d8c96417581043398eb2283eb66141c660f6ecae1814"
            ],
            "index": "pypi",
            "version": "==0.9.5"
        },
        "lxml": {
            "hashes": [
                "sha256:0e89f5d422988c65e6936e4ec0fe54d6f73f3128c80eb7ecc3b87f595523607b",
                "sha256:189ad47203e846a7a4951c17694d845b6ade7917c47c64b29b86526eefc3adf5",
                "sha256:1d87936cb5801c557f3e981c9c193861264c01209cb3ad0964a16310ca1b3301",
                "sha256:211b3bcf5da70c2d4b84d09232534ad1d78320762e2c59dedc73bf01cb1fc45b",
                "sha256:2358809cc64394617f2719147a58ae26dac9e21bae772b45cfb80baa26bfca5d",
                "sha256:23c83112b4dada0b75789d73f949dbb4e8f29a0a3511647024a398ebd023347b",
                "sha256:24e811118aab6abe3ce23ff0d7d38932329c513f9cef849d3ee88b0f848f2aa9",
                "sha256:2d5896ddf5389560257bbe89317ca7bcb4e54a02b53a3e572e1ce4226512b51b",
                "sha256:2d6571c48328be4304aee031d2d5046cbc8aed5740c654575613c5a4f5a11311",
                "sha256:2e311a10f3e85250910a615fe194839a04a0f6bc4e8e5bb5cac221344e3a7891",
                "sha256:302160eb6e9764168e01d8c9ec6becddeb87776e81d3fcb0d97954dd51d48e0a",
                "sha256:3a7a380bfecc551cfd67d6e8ad9faa91289173bdf12e9cfafbd2bdec0d7b1ec1",
                "sha256:3d9b2b72eb0dbbdb0e276403873ecfae870599c83ba22cadff2db58541e72856",
                "sha256:475325e037fdf068e0c2140b818518cf6bc4aa72435c407a798b2db9f8e90810",
                "sha256:4b7572145054330c8e324a72d808c8c8fbe12be33368db28c39a255ad5f7fb51",
                "sha256:4fff34721b628cce9eb4538cf9a73d02e0f3da4f35a515773cce6f5fe413b360",
                "sha256:56eff8c6fb7bc4bcca395fdff494c52712b7a57486e4fbde34c31bb9da4c6cc4",
                "sha256:573b2f5496c7e9f4985de70b9bbb4719ffd293d5565513e04ac20e42e6e5583f",
                "sha256:7ecaef52fd9b9535ae5f01a1dd2651f6608e4ec9dc136fc4dfe7ebe3c3ddb230",
                "sha256:803a80d72d1f693aa448566be46ffd70882d1ad8fc689a2e22afe63035eb998a",
                "sha256:8862d1c2c020cb7a03b421a9a7b4fe046a208db30994fc8ff68c627a7915987f",
                "sha256:9b06690224258db5cd39a84e993882a6874676f5de582da57f3df3a82ead9174",
                "sha256:a71400b90b3599eb7bf241f947932e18a066907bf84617d80817998cee81e4bf",
                "sha256:bb252f802f91f59767dcc559744e91efa9df532240a502befd874b54571417bd",
                "sha256:be1ebf9cc25ab5399501c9046a7dcdaa9e911802ed0e12b7d620cd4bbf0518b3",
                "sha256:be7c65e34d1b50ab7093b90427cbc488260e4b3a38ef2435d65b62e9fa3d798a",
                "sha256:c0dac835c1a22621ffa5e5f999d57359c790c52bbd1c687fe514ae6924f65ef5",
                "sha256:c152b2e93b639d1f36ec5a8ca24cde4a8eefb2b6b83668fcd8e83a67badcb367",
                "sha256:d182eada8ea0de61a45a526aa0ae4bcd222f9673424e65315c35820291ff299c",
                "sha256:d18331ea905a41ae71596502bd4c9a2998902328bbabd29e3d0f5f8569fabad1",
                "sha256:d20d32cbb31d731def4b1502294ca2ee99f9249b63bc80e03e67e8f8e126dea8",
                "sha256:d4ad7fd3269281cb471ad6c7bafca372e69789540d16e3755dd717e9e5c9d82f",
                "sha256:d6f8c23f65a4bfe4300b85f1f40f6c32569822d08901db3b6454ab785d9117cc",
                "sha256:d84d741c6e35c9f3e7406cb7c4c2e08474c2a6441d59322a00dcae65aac6315d",
                "sha256:e65c221b2115a91035b55a593b6eb94aa1206fa3ab374f47c6dc10d364583ff9",
                "sha256:f98b6f256be6cec8dd308a8563976ddaff0bdc18b730720f6f4bee927ffe926f"
            ],
            "markers": "python_version >= '2.7' and python_version not in '3.0, 3.1, 3.2, 3.3, 3.4'",
            "version": "==4.6.1"
        },
        "nameparser": {
            "hashes": [
                "sha256:2a5f509b50a25880c2cb0850ea1b99694241e7e1aacdcb3704f7b3cf549e652b",
                "sha256:c867649cdb1842d35e41d8f182de94864b5387c20a07aa8022257cde1d3f916b"
            ],
            "version": "==1.0.6"
        },
        "oauth2": {
            "hashes": [
                "sha256:15b5c42301f46dd63113f1214b0d81a8b16254f65a86d3c32a1b52297f3266e6",
                "sha256:c006a85e7c60107c7cc6da1b184b5c719f6dd7202098196dfa6e55df669b59bf"
            ],
            "version": "==1.9.0.post1"
        },
        "oauthlib": {
            "hashes": [
                "sha256:bee41cc35fcca6e988463cacc3bcb8a96224f470ca547e697b604cc697b2f889",
                "sha256:df884cd6cbe20e32633f1db1072e9356f53638e4361bef4e8b03c9127c9328ea"
            ],
            "markers": "python_version >= '2.7' and python_version not in '3.0, 3.1, 3.2, 3.3'",
            "version": "==3.1.0"
        },
        "psycopg2": {
            "hashes": [
                "sha256:132efc7ee46a763e68a815f4d26223d9c679953cd190f1f218187cb60decf535",
                "sha256:2327bf42c1744a434ed8ed0bbaa9168cac7ee5a22a9001f6fc85c33b8a4a14b7",
                "sha256:27c633f2d5db0fc27b51f1b08f410715b59fa3802987aec91aeb8f562724e95c",
                "sha256:2c0afb40cfb4d53487ee2ebe128649028c9a78d2476d14a67781e45dc287f080",
                "sha256:2df2bf1b87305bd95eb3ac666ee1f00a9c83d10927b8144e8e39644218f4cf81",
                "sha256:440a3ea2c955e89321a138eb7582aa1d22fe286c7d65e26a2c5411af0a88ae72",
                "sha256:6a471d4d2a6f14c97a882e8d3124869bc623f3df6177eefe02994ea41fd45b52",
                "sha256:6b306dae53ec7f4f67a10942cf8ac85de930ea90e9903e2df4001f69b7833f7e",
                "sha256:a0984ff49e176062fcdc8a5a2a670c9bb1704a2f69548bce8f8a7bad41c661bf",
                "sha256:ac5b23d0199c012ad91ed1bbb971b7666da651c6371529b1be8cbe2a7bf3c3a9",
                "sha256:acf56d564e443e3dea152efe972b1434058244298a94348fc518d6dd6a9fb0bb",
                "sha256:d3b29d717d39d3580efd760a9a46a7418408acebbb784717c90d708c9ed5f055",
                "sha256:f7d46240f7a1ae1dd95aab38bd74f7428d46531f69219954266d669da60c0818"
            ],
            "index": "pypi",
            "version": "==2.8.5"
        },
        "pylti": {
            "hashes": [
                "sha256:1284a22c2959aa6b1c2895925133ef8d6ab6f41c2e7d0a7cef9a1d27e366410e",
                "sha256:80938a235b1ab390f6889a95237d087ea7adde5cc50fcae9c80c49898e8ee78e"
            ],
            "version": "==0.7.0"
        },
        "python-dateutil": {
            "hashes": [
                "sha256:73ebfe9dbf22e832286dafa60473e4cd239f8592f699aa5adaf10050e6e1823c",
                "sha256:75bb3f31ea686f1197762692a9ee6a7550b59fc6ca3a1f4b5d7e32fb98e2da2a"
            ],
            "index": "pypi",
            "version": "==2.8.1"
        },
        "pytz": {
            "hashes": [
                "sha256:a494d53b6d39c3c6e44c3bec237336e14305e4f29bbf800b599253057fbb79ed",
                "sha256:c35965d010ce31b23eeb663ed3cc8c906275d6be1a34393a1d73a41febf4a048"
            ],
            "version": "==2020.1"
        },
        "redis": {
            "hashes": [
                "sha256:0e7e0cfca8660dea8b7d5cd8c4f6c5e29e11f31158c0b0ae91a397f00e5a05a2",
                "sha256:432b788c4530cfe16d8d943a09d40ca6c16149727e4afe8c2c9d5580c59d9f24"
            ],
            "index": "pypi",
            "version": "==3.5.3"
        },
        "requests": {
            "hashes": [
                "sha256:b3559a131db72c33ee969480840fff4bb6dd111de7dd27c8ee1f820f4f00231b",
                "sha256:fe75cc94a9443b9246fc7049224f75604b113c36acb93f87b80ed42c44cbb898"
            ],
            "markers": "python_version >= '2.7' and python_version not in '3.0, 3.1, 3.2, 3.3, 3.4'",
            "version": "==2.24.0"
        },
        "requests-oauthlib": {
            "hashes": [
                "sha256:7f71572defaecd16372f9006f33c2ec8c077c3cfa6f5911a9a90202beb513f3d",
                "sha256:b4261601a71fd721a8bd6d7aa1cc1d6a8a93b4a9f5e96626f8e4d91e8beeaa6a",
                "sha256:fa6c47b933f01060936d87ae9327fead68768b69c6c9ea2109c48be30f2d4dbc"
            ],
            "version": "==1.3.0"
        },
        "six": {
            "hashes": [
                "sha256:30639c035cdb23534cd4aa2dd52c3bf48f06e5f4a941509c8bafd8ce11080259",
                "sha256:8b74bedcbbbaca38ff6d7491d76f2b06b3592611af620f8426e82dddb04a5ced"
            ],
            "markers": "python_version >= '2.7' and python_version not in '3.0, 3.1, 3.2'",
            "version": "==1.15.0"
        },
        "sqlparse": {
            "hashes": [
                "sha256:017cde379adbd6a1f15a61873f43e8274179378e95ef3fede90b5aa64d304ed0",
                "sha256:0f91fd2e829c44362cbcfab3e9ae12e22badaa8a29ad5ff599f9ec109f0454e8"
            ],
            "markers": "python_version >= '3.5'",
            "version": "==0.4.1"
        },
        "urllib3": {
            "hashes": [
                "sha256:8d7eaa5a82a1cac232164990f04874c594c9453ec55eef02eab885aa02fc17a2",
                "sha256:f5321fbe4bf3fefa0efd0bfe7fb14e90909eb62a48ccda331726b4319897dd5e"
            ],
            "markers": "python_version >= '2.7' and python_version not in '3.0, 3.1, 3.2, 3.3, 3.4' and python_version < '4'",
            "version": "==1.25.11"
        }
    },
    "develop": {}
}
